
Microsoft Visual Studio Solution File, Format Version 11.00
# Visual Studio 2010
Project("{FAE04EC0-301F-11D3-BF4B-00C04F79EFBC}") = "MOBA2", "Assembly-CSharp.csproj", "{98BF5CB6-C9B9-507D-0171-74A8A9FB4397}"
EndProject
Project("{FAE04EC0-301F-11D3-BF4B-00C04F79EFBC}") = "MOBA2", "Assembly-CSharp-Editor.csproj", "{0BFF6371-5E2D-7E60-4F4D-0963C6D88B66}"
EndProject
Global
	GlobalSection(SolutionConfigurationPlatforms) = preSolution
		Debug|Any CPU = Debug|Any CPU
		Release|Any CPU = Release|Any CPU
	EndGlobalSection
	GlobalSection(ProjectConfigurationPlatforms) = postSolution
		{98BF5CB6-C9B9-507D-0171-74A8A9FB4397}.Debug|Any CPU.ActiveCfg = Debug|Any CPU
		{98BF5CB6-C9B9-507D-0171-74A8A9FB4397}.Debug|Any CPU.Build.0 = Debug|Any CPU
		{98BF5CB6-C9B9-507D-0171-74A8A9FB4397}.Release|Any CPU.ActiveCfg = Release|Any CPU
		{98BF5CB6-C9B9-507D-0171-74A8A9FB4397}.Release|Any CPU.Build.0 = Release|Any CPU
		{0BFF6371-5E2D-7E60-4F4D-0963C6D88B66}.Debug|Any CPU.ActiveCfg = Debug|Any CPU
		{0BFF6371-5E2D-7E60-4F4D-0963C6D88B66}.Debug|Any CPU.Build.0 = Debug|Any CPU
		{0BFF6371-5E2D-7E60-4F4D-0963C6D88B66}.Release|Any CPU.ActiveCfg = Release|Any CPU
		{0BFF6371-5E2D-7E60-4F4D-0963C6D88B66}.Release|Any CPU.Build.0 = Release|Any CPU
	EndGlobalSection
	GlobalSection(SolutionProperties) = preSolution
		HideSolutionNode = FALSE
	EndGlobalSection
	GlobalSection(MonoDevelopProperties) = preSolution
		StartupItem = Assembly-CSharp.csproj
	EndGlobalSection
EndGlobal
